
Microsoft Visual Studio Solution File, Format Version 12.00
# Visual Studio Version 17
VisualStudioVersion = 17.1.32407.343
MinimumVisualStudioVersion = 10.0.40219.1
Project("{9A19103F-16F7-4668-BE54-9A1E7A4F7556}") = "UserCRUD_API", "UserCRUD_API\UserCRUD_API.csproj", "{8CBA37B1-18AD-4629-913E-A45D15BFEDA2}"
EndProject
Project("{2150E333-8FDC-42A3-9474-1A3956D46DE8}") = "0 - Presentation", "0 - Presentation", "{75E762CF-5BA9-46EB-95FE-B77B27914E2E}"
EndProject
Project("{2150E333-8FDC-42A3-9474-1A3956D46DE8}") = "1 - Application", "1 - Application", "{28FC87CF-BAA9-42CB-B8E2-DEEBC9557A00}"
EndProject
Project("{2150E333-8FDC-42A3-9474-1A3956D46DE8}") = "2 - Domain", "2 - Domain", "{67F4B396-8B43-4AF5-975A-5E61DC63DA13}"
EndProject
Project("{2150E333-8FDC-42A3-9474-1A3956D46DE8}") = "3 - Infra", "3 - Infra", "{A93D97AA-397F-4F4C-AA5A-1C1B9D01AE69}"
EndProject
Project("{9A19103F-16F7-4668-BE54-9A1E7A4F7556}") = "Domain", "Domain\Domain.csproj", "{25E0CD35-FE3C-4BA1-BBBB-A1C6B9328AAF}"
EndProject
Project("{9A19103F-16F7-4668-BE54-9A1E7A4F7556}") = "Infra", "Infra\Infra.csproj", "{F1A7E52D-AD30-4F9F-921C-543943ACCE26}"
EndProject
Global
	GlobalSection(SolutionConfigurationPlatforms) = preSolution
		Debug|Any CPU = Debug|Any CPU
		Release|Any CPU = Release|Any CPU
	EndGlobalSection
	GlobalSection(ProjectConfigurationPlatforms) = postSolution
		{8CBA37B1-18AD-4629-913E-A45D15BFEDA2}.Debug|Any CPU.ActiveCfg = Debug|Any CPU
		{8CBA37B1-18AD-4629-913E-A45D15BFEDA2}.Debug|Any CPU.Build.0 = Debug|Any CPU
		{8CBA37B1-18AD-4629-913E-A45D15BFEDA2}.Release|Any CPU.ActiveCfg = Release|Any CPU
		{8CBA37B1-18AD-4629-913E-A45D15BFEDA2}.Release|Any CPU.Build.0 = Release|Any CPU
		{25E0CD35-FE3C-4BA1-BBBB-A1C6B9328AAF}.Debug|Any CPU.ActiveCfg = Debug|Any CPU
		{25E0CD35-FE3C-4BA1-BBBB-A1C6B9328AAF}.Debug|Any CPU.Build.0 = Debug|Any CPU
		{25E0CD35-FE3C-4BA1-BBBB-A1C6B9328AAF}.Release|Any CPU.ActiveCfg = Release|Any CPU
		{25E0CD35-FE3C-4BA1-BBBB-A1C6B9328AAF}.Release|Any CPU.Build.0 = Release|Any CPU
		{F1A7E52D-AD30-4F9F-921C-543943ACCE26}.Debug|Any CPU.ActiveCfg = Debug|Any CPU
		{F1A7E52D-AD30-4F9F-921C-543943ACCE26}.Debug|Any CPU.Build.0 = Debug|Any CPU
		{F1A7E52D-AD30-4F9F-921C-543943ACCE26}.Release|Any CPU.ActiveCfg = Release|Any CPU
		{F1A7E52D-AD30-4F9F-921C-543943ACCE26}.Release|Any CPU.Build.0 = Release|Any CPU
	EndGlobalSection
	GlobalSection(SolutionProperties) = preSolution
		HideSolutionNode = FALSE
	EndGlobalSection
	GlobalSection(NestedProjects) = preSolution
		{8CBA37B1-18AD-4629-913E-A45D15BFEDA2} = {75E762CF-5BA9-46EB-95FE-B77B27914E2E}
		{25E0CD35-FE3C-4BA1-BBBB-A1C6B9328AAF} = {67F4B396-8B43-4AF5-975A-5E61DC63DA13}
		{F1A7E52D-AD30-4F9F-921C-543943ACCE26} = {A93D97AA-397F-4F4C-AA5A-1C1B9D01AE69}
	EndGlobalSection
	GlobalSection(ExtensibilityGlobals) = postSolution
		SolutionGuid = {303E62E7-EC72-4A94-A617-A924720EE314}
	EndGlobalSection
EndGlobal
